
Microsoft Visual Studio Solution File, Format Version 12.00
# Visual Studio 2012
Project("{8BC9CEB8-8B4A-11D0-8D11-00A0C91BC942}") = "WLP_GEM_Agent", "WLP_GEM_Agent\WLP_GEM_Agent.vcxproj", "{3155F2DD-A34B-421C-A430-4BB6E1CC98BA}"
EndProject
Global
	GlobalSection(SolutionConfigurationPlatforms) = preSolution
		Debug|Win32 = Debug|Win32
		Release|Win32 = Release|Win32
	EndGlobalSection
	GlobalSection(ProjectConfigurationPlatforms) = postSolution
		{3155F2DD-A34B-421C-A430-4BB6E1CC98BA}.Debug|Win32.ActiveCfg = Debug|Win32
		{3155F2DD-A34B-421C-A430-4BB6E1CC98BA}.Debug|Win32.Build.0 = Debug|Win32
		{3155F2DD-A34B-421C-A430-4BB6E1CC98BA}.Release|Win32.ActiveCfg = Release|Win32
		{3155F2DD-A34B-421C-A430-4BB6E1CC98BA}.Release|Win32.Build.0 = Release|Win32
	EndGlobalSection
	GlobalSection(SolutionProperties) = preSolution
		HideSolutionNode = FALSE
	EndGlobalSection
EndGlobal
